// !$*UTF8*$!
{
	archiveVersion = 1;
	classes = {
	};
	objectVersion = 50;
	objects = {

/* Begin PBXBuildFile section */
		AC70B051225858A7003BC8FE /* LottoResult.swift in Sources */ = {isa = PBXBuildFile; fileRef = AC70B050225858A7003BC8FE /* LottoResult.swift */; };
		AC70B05322585A61003BC8FE /* LottoResultTests.swift in Sources */ = {isa = PBXBuildFile; fileRef = AC70B05222585A61003BC8FE /* LottoResultTests.swift */; };
		ACBD7B21223E4374000E6BF4 /* AppDelegate.swift in Sources */ = {isa = PBXBuildFile; fileRef = ACBD7B20223E4374000E6BF4 /* AppDelegate.swift */; };
		ACBD7B23223E4374000E6BF4 /* ViewController.swift in Sources */ = {isa = PBXBuildFile; fileRef = ACBD7B22223E4374000E6BF4 /* ViewController.swift */; };
		ACBD7B26223E4374000E6BF4 /* Main.storyboard in Resources */ = {isa = PBXBuildFile; fileRef = ACBD7B24223E4374000E6BF4 /* Main.storyboard */; };
		ACBD7B28223E4376000E6BF4 /* Assets.xcassets in Resources */ = {isa = PBXBuildFile; fileRef = ACBD7B27223E4376000E6BF4 /* Assets.xcassets */; };
		ACBD7B2B223E4376000E6BF4 /* LaunchScreen.storyboard in Resources */ = {isa = PBXBuildFile; fileRef = ACBD7B29223E4376000E6BF4 /* LaunchScreen.storyboard */; };
		ACBD7B45223E9B8A000E6BF4 /* LottoShopTests.swift in Sources */ = {isa = PBXBuildFile; fileRef = ACBD7B44223E9B8A000E6BF4 /* LottoShopTests.swift */; };
		ACBD7B47223E9D0C000E6BF4 /* LottoShop.swift in Sources */ = {isa = PBXBuildFile; fileRef = ACBD7B46223E9D0C000E6BF4 /* LottoShop.swift */; };
/* End PBXBuildFile section */

/* Begin PBXContainerItemProxy section */
		ACBD7B32223E4376000E6BF4 /* PBXContainerItemProxy */ = {
			isa = PBXContainerItemProxy;
			containerPortal = ACBD7B15223E4374000E6BF4 /* Project object */;
			proxyType = 1;
			remoteGlobalIDString = ACBD7B1C223E4374000E6BF4;
			remoteInfo = LottoTDD;
		};
/* End PBXContainerItemProxy section */

/* Begin PBXFileReference section */
		AC70B050225858A7003BC8FE /* LottoResult.swift */ = {isa = PBXFileReference; lastKnownFileType = sourcecode.swift; path = LottoResult.swift; sourceTree = "<group>"; };
		AC70B05222585A61003BC8FE /* LottoResultTests.swift */ = {isa = PBXFileReference; lastKnownFileType = sourcecode.swift; path = LottoResultTests.swift; sourceTree = "<group>"; };
		ACBD7B1D223E4374000E6BF4 /* LottoTDD.app */ = {isa = PBXFileReference; explicitFileType = wrapper.application; includeInIndex = 0; path = LottoTDD.app; sourceTree = BUILT_PRODUCTS_DIR; };
		ACBD7B20223E4374000E6BF4 /* AppDelegate.swift */ = {isa = PBXFileReference; lastKnownFileType = sourcecode.swift; path = AppDelegate.swift; sourceTree = "<group>"; };
		ACBD7B22223E4374000E6BF4 /* ViewController.swift */ = {isa = PBXFileReference; lastKnownFileType = sourcecode.swift; path = ViewController.swift; sourceTree = "<group>"; };
		ACBD7B25223E4374000E6BF4 /* Base */ = {isa = PBXFileReference; lastKnownFileType = file.storyboard; name = Base; path = Base.lproj/Main.storyboard; sourceTree = "<group>"; };
		ACBD7B27223E4376000E6BF4 /* Assets.xcassets */ = {isa = PBXFileReference; lastKnownFileType = folder.assetcatalog; path = Assets.xcassets; sourceTree = "<group>"; };
		ACBD7B2A223E4376000E6BF4 /* Base */ = {isa = PBXFileReference; lastKnownFileType = file.storyboard; name = Base; path = Base.lproj/LaunchScreen.storyboard; sourceTree = "<group>"; };
		ACBD7B2C223E4376000E6BF4 /* Info.plist */ = {isa = PBXFileReference; lastKnownFileType = text.plist.xml; path = Info.plist; sourceTree = "<group>"; };
		ACBD7B31223E4376000E6BF4 /* LottoTDDTests.xctest */ = {isa = PBXFileReference; explicitFileType = wrapper.cfbundle; includeInIndex = 0; path = LottoTDDTests.xctest; sourceTree = BUILT_PRODUCTS_DIR; };
		ACBD7B37223E4376000E6BF4 /* Info.plist */ = {isa = PBXFileReference; lastKnownFileType = text.plist.xml; path = Info.plist; sourceTree = "<group>"; };
		ACBD7B44223E9B8A000E6BF4 /* LottoShopTests.swift */ = {isa = PBXFileReference; lastKnownFileType = sourcecode.swift; path = LottoShopTests.swift; sourceTree = "<group>"; };
		ACBD7B46223E9D0C000E6BF4 /* LottoShop.swift */ = {isa = PBXFileReference; lastKnownFileType = sourcecode.swift; path = LottoShop.swift; sourceTree = "<group>"; };
/* End PBXFileReference section */

/* Begin PBXFrameworksBuildPhase section */
		ACBD7B1A223E4374000E6BF4 /* Frameworks */ = {
			isa = PBXFrameworksBuildPhase;
			buildActionMask = 2147483647;
			files = (
			);
			runOnlyForDeploymentPostprocessing = 0;
		};
		ACBD7B2E223E4376000E6BF4 /* Frameworks */ = {
			isa = PBXFrameworksBuildPhase;
			buildActionMask = 2147483647;
			files = (
			);
			runOnlyForDeploymentPostprocessing = 0;
		};
/* End PBXFrameworksBuildPhase section */

/* Begin PBXGroup section */
		ACBD7B14223E4374000E6BF4 = {
			isa = PBXGroup;
			children = (
				ACBD7B1F223E4374000E6BF4 /* LottoTDD */,
				ACBD7B34223E4376000E6BF4 /* LottoTDDTests */,
				ACBD7B1E223E4374000E6BF4 /* Products */,
			);
			sourceTree = "<group>";
		};
		ACBD7B1E223E4374000E6BF4 /* Products */ = {
			isa = PBXGroup;
			children = (
				ACBD7B1D223E4374000E6BF4 /* LottoTDD.app */,
				ACBD7B31223E4376000E6BF4 /* LottoTDDTests.xctest */,
			);
			name = Products;
			sourceTree = "<group>";
		};
		ACBD7B1F223E4374000E6BF4 /* LottoTDD */ = {
			isa = PBXGroup;
			children = (
				ACBD7B20223E4374000E6BF4 /* AppDelegate.swift */,
				ACBD7B22223E4374000E6BF4 /* ViewController.swift */,
				ACBD7B46223E9D0C000E6BF4 /* LottoShop.swift */,
				AC70B050225858A7003BC8FE /* LottoResult.swift */,
				ACBD7B40223E60FE000E6BF4 /* Model */,
				ACBD7B43223E6121000E6BF4 /* SupportedFile */,
			);
			path = LottoTDD;
			sourceTree = "<group>";
		};
		ACBD7B34223E4376000E6BF4 /* LottoTDDTests */ = {
			isa = PBXGroup;
			children = (
				ACBD7B44223E9B8A000E6BF4 /* LottoShopTests.swift */,
				AC70B05222585A61003BC8FE /* LottoResultTests.swift */,
				ACBD7B37223E4376000E6BF4 /* Info.plist */,
			);
			path = LottoTDDTests;
			sourceTree = "<group>";
		};
		ACBD7B40223E60FE000E6BF4 /* Model */ = {
			isa = PBXGroup;
			children = (
			);
			path = Model;
			sourceTree = "<group>";
		};
		ACBD7B43223E6121000E6BF4 /* SupportedFile */ = {
			isa = PBXGroup;
			children = (
				ACBD7B27223E4376000E6BF4 /* Assets.xcassets */,
				ACBD7B29223E4376000E6BF4 /* LaunchScreen.storyboard */,
				ACBD7B24223E4374000E6BF4 /* Main.storyboard */,
				ACBD7B2C223E4376000E6BF4 /* Info.plist */,
			);
			path = SupportedFile;
			sourceTree = "<group>";
		};
/* End PBXGroup section */

/* Begin PBXNativeTarget section */
		ACBD7B1C223E4374000E6BF4 /* LottoTDD */ = {
			isa = PBXNativeTarget;
			buildConfigurationList = ACBD7B3A223E4376000E6BF4 /* Build configuration list for PBXNativeTarget "LottoTDD" */;
			buildPhases = (
				ACBD7B19223E4374000E6BF4 /* Sources */,
				ACBD7B1A223E4374000E6BF4 /* Frameworks */,
				ACBD7B1B223E4374000E6BF4 /* Resources */,
			);
			buildRules = (
			);
			dependencies = (
			);
			name = LottoTDD;
			productName = LottoTDD;
			productReference = ACBD7B1D223E4374000E6BF4 /* LottoTDD.app */;
			productType = "com.apple.product-type.application";
		};
		ACBD7B30223E4376000E6BF4 /* LottoTDDTests */ = {
			isa = PBXNativeTarget;
			buildConfigurationList = ACBD7B3D223E4376000E6BF4 /* Build configuration list for PBXNativeTarget "LottoTDDTests" */;
			buildPhases = (
				ACBD7B2D223E4376000E6BF4 /* Sources */,
				ACBD7B2E223E4376000E6BF4 /* Frameworks */,
				ACBD7B2F223E4376000E6BF4 /* Resources */,
			);
			buildRules = (
			);
			dependencies = (
				ACBD7B33223E4376000E6BF4 /* PBXTargetDependency */,
			);
			name = LottoTDDTests;
			productName = LottoTDDTests;
			productReference = ACBD7B31223E4376000E6BF4 /* LottoTDDTests.xctest */;
			productType = "com.apple.product-type.bundle.unit-test";
		};
/* End PBXNativeTarget section */

/* Begin PBXProject section */
		ACBD7B15223E4374000E6BF4 /* Project object */ = {
			isa = PBXProject;
			attributes = {
				LastSwiftUpdateCheck = 1010;
				LastUpgradeCheck = 1010;
				ORGANIZATIONNAME = hyunable;
				TargetAttributes = {
					ACBD7B1C223E4374000E6BF4 = {
						CreatedOnToolsVersion = 10.1;
					};
					ACBD7B30223E4376000E6BF4 = {
						CreatedOnToolsVersion = 10.1;
						TestTargetID = ACBD7B1C223E4374000E6BF4;
					};
				};
			};
			buildConfigurationList = ACBD7B18223E4374000E6BF4 /* Build configuration list for PBXProject "LottoTDD" */;
			compatibilityVersion = "Xcode 9.3";
			developmentRegion = en;
			hasScannedForEncodings = 0;
			knownRegions = (
				en,
				Base,
			);
			mainGroup = ACBD7B14223E4374000E6BF4;
			productRefGroup = ACBD7B1E223E4374000E6BF4 /* Products */;
			projectDirPath = "";
			projectRoot = "";
			targets = (
				ACBD7B1C223E4374000E6BF4 /* LottoTDD */,
				ACBD7B30223E4376000E6BF4 /* LottoTDDTests */,
			);
		};
/* End PBXProject section */

/* Begin PBXResourcesBuildPhase section */
		ACBD7B1B223E4374000E6BF4 /* Resources */ = {
			isa = PBXResourcesBuildPhase;
			buildActionMask = 2147483647;
			files = (
				ACBD7B2B223E4376000E6BF4 /* LaunchScreen.storyboard in Resources */,
				ACBD7B28223E4376000E6BF4 /* Assets.xcassets in Resources */,
				ACBD7B26223E4374000E6BF4 /* Main.storyboard in Resources */,
			);
			runOnlyForDeploymentPostprocessing = 0;
		};
		ACBD7B2F223E4376000E6BF4 /* Resources */ = {
			isa = PBXResourcesBuildPhase;
			buildActionMask = 2147483647;
			files = (
			);
			runOnlyForDeploymentPostprocessing = 0;
		};
/* End PBXResourcesBuildPhase section */

/* Begin PBXSourcesBuildPhase section */
		ACBD7B19223E4374000E6BF4 /* Sources */ = {
			isa = PBXSourcesBuildPhase;
			buildActionMask = 2147483647;
			files = (
				ACBD7B47223E9D0C000E6BF4 /* LottoShop.swift in Sources */,
				AC70B051225858A7003BC8FE /* LottoResult.swift in Sources */,
				ACBD7B23223E4374000E6BF4 /* ViewController.swift in Sources */,
				ACBD7B21223E4374000E6BF4 /* AppDelegate.swift in Sources */,
			);
			runOnlyForDeploymentPostprocessing = 0;
		};
		ACBD7B2D223E4376000E6BF4 /* Sources */ = {
			isa = PBXSourcesBuildPhase;
			buildActionMask = 2147483647;
			files = (
				ACBD7B45223E9B8A000E6BF4 /* LottoShopTests.swift in Sources */,
				AC70B05322585A61003BC8FE /* LottoResultTests.swift in Sources */,
			);
			runOnlyForDeploymentPostprocessing = 0;
		};
/* End PBXSourcesBuildPhase section */

/* Begin PBXTargetDependency section */
		ACBD7B33223E4376000E6BF4 /* PBXTargetDependency */ = {
			isa = PBXTargetDependency;
			target = ACBD7B1C223E4374000E6BF4 /* LottoTDD */;
			targetProxy = ACBD7B32223E4376000E6BF4 /* PBXContainerItemProxy */;
		};
/* End PBXTargetDependency section */

/* Begin PBXVariantGroup section */
		ACBD7B24223E4374000E6BF4 /* Main.storyboard */ = {
			isa = PBXVariantGroup;
			children = (
				ACBD7B25223E4374000E6BF4 /* Base */,
			);
			name = Main.storyboard;
			sourceTree = "<group>";
		};
		ACBD7B29223E4376000E6BF4 /* LaunchScreen.storyboard */ = {
			isa = PBXVariantGroup;
			children = (
				ACBD7B2A223E4376000E6BF4 /* Base */,
			);
			name = LaunchScreen.storyboard;
			sourceTree = "<group>";
		};
/* End PBXVariantGroup section */

/* Begin XCBuildConfiguration section */
		ACBD7B38223E4376000E6BF4 /* Debug */ = {
			isa = XCBuildConfiguration;
			buildSettings = {
				ALWAYS_SEARCH_USER_PATHS = NO;
				CLANG_ANALYZER_NONNULL = YES;
				CLANG_ANALYZER_NUMBER_OBJECT_CONVERSION = YES_AGGRESSIVE;
				CLANG_CXX_LANGUAGE_STANDARD = "gnu++14";
				CLANG_CXX_LIBRARY = "libc++";
				CLANG_ENABLE_MODULES = YES;
				CLANG_ENABLE_OBJC_ARC = YES;
				CLANG_ENABLE_OBJC_WEAK = YES;
				CLANG_WARN_BLOCK_CAPTURE_AUTORELEASING = YES;
				CLANG_WARN_BOOL_CONVERSION = YES;
				CLANG_WARN_COMMA = YES;
				CLANG_WARN_CONSTANT_CONVERSION = YES;
				CLANG_WARN_DEPRECATED_OBJC_IMPLEMENTATIONS = YES;
				CLANG_WARN_DIRECT_OBJC_ISA_USAGE = YES_ERROR;
				CLANG_WARN_DOCUMENTATION_COMMENTS = YES;
				CLANG_WARN_EMPTY_BODY = YES;
				CLANG_WARN_ENUM_CONVERSION = YES;
				CLANG_WARN_INFINITE_RECURSION = YES;
				CLANG_WARN_INT_CONVERSION = YES;
				CLANG_WARN_NON_LITERAL_NULL_CONVERSION = YES;
				CLANG_WARN_OBJC_IMPLICIT_RETAIN_SELF = YES;
				CLANG_WARN_OBJC_LITERAL_CONVERSION = YES;
				CLANG_WARN_OBJC_ROOT_CLASS = YES_ERROR;
				CLANG_WARN_RANGE_LOOP_ANALYSIS = YES;
				CLANG_WARN_STRICT_PROTOTYPES = YES;
				CLANG_WARN_SUSPICIOUS_MOVE = YES;
				CLANG_WARN_UNGUARDED_AVAILABILITY = YES_AGGRESSIVE;
				CLANG_WARN_UNREACHABLE_CODE = YES;
				CLANG_WARN__DUPLICATE_METHOD_MATCH = YES;
				CODE_SIGN_IDENTITY = "iPhone Developer";
				COPY_PHASE_STRIP = NO;
				DEBUG_INFORMATION_FORMAT = dwarf;
				ENABLE_STRICT_OBJC_MSGSEND = YES;
				ENABLE_TESTABILITY = YES;
				GCC_C_LANGUAGE_STANDARD = gnu11;
				GCC_DYNAMIC_NO_PIC = NO;
				GCC_NO_COMMON_BLOCKS = YES;
				GCC_OPTIMIZATION_LEVEL = 0;
				GCC_PREPROCESSOR_DEFINITIONS = (
					"DEBUG=1",
					"$(inherited)",
				);
				GCC_WARN_64_TO_32_BIT_CONVERSION = YES;
				GCC_WARN_ABOUT_RETURN_TYPE = YES_ERROR;
				GCC_WARN_UNDECLARED_SELECTOR = YES;
				GCC_WARN_UNINITIALIZED_AUTOS = YES_AGGRESSIVE;
				GCC_WARN_UNUSED_FUNCTION = YES;
				GCC_WARN_UNUSED_VARIABLE = YES;
				IPHONEOS_DEPLOYMENT_TARGET = 12.1;
				MTL_ENABLE_DEBUG_INFO = INCLUDE_SOURCE;
				MTL_FAST_MATH = YES;
				ONLY_ACTIVE_ARCH = YES;
				SDKROOT = iphoneos;
				SWIFT_ACTIVE_COMPILATION_CONDITIONS = DEBUG;
				SWIFT_OPTIMIZATION_LEVEL = "-Onone";
			};
			name = Debug;
		};
		ACBD7B39223E4376000E6BF4 /* Release */ = {
			isa = XCBuildConfiguration;
			buildSettings = {
				ALWAYS_SEARCH_USER_PATHS = NO;
				CLANG_ANALYZER_NONNULL = YES;
				CLANG_ANALYZER_NUMBER_OBJECT_CONVERSION = YES_AGGRESSIVE;
				CLANG_CXX_LANGUAGE_STANDARD = "gnu++14";
				CLANG_CXX_LIBRARY = "libc++";
				CLANG_ENABLE_MODULES = YES;
				CLANG_ENABLE_OBJC_ARC = YES;
				CLANG_ENABLE_OBJC_WEAK = YES;
				CLANG_WARN_BLOCK_CAPTURE_AUTORELEASING = YES;
				CLANG_WARN_BOOL_CONVERSION = YES;
				CLANG_WARN_COMMA = YES;
				CLANG_WARN_CONSTANT_CONVERSION = YES;
				CLANG_WARN_DEPRECATED_OBJC_IMPLEMENTATIONS = YES;
				CLANG_WARN_DIRECT_OBJC_ISA_USAGE = YES_ERROR;
				CLANG_WARN_DOCUMENTATION_COMMENTS = YES;
				CLANG_WARN_EMPTY_BODY = YES;
				CLANG_WARN_ENUM_CONVERSION = YES;
				CLANG_WARN_INFINITE_RECURSION = YES;
				CLANG_WARN_INT_CONVERSION = YES;
				CLANG_WARN_NON_LITERAL_NULL_CONVERSION = YES;
				CLANG_WARN_OBJC_IMPLICIT_RETAIN_SELF = YES;
				CLANG_WARN_OBJC_LITERAL_CONVERSION = YES;
				CLANG_WARN_OBJC_ROOT_CLASS = YES_ERROR;
				CLANG_WARN_RANGE_LOOP_ANALYSIS = YES;
				CLANG_WARN_STRICT_PROTOTYPES = YES;
				CLANG_WARN_SUSPICIOUS_MOVE = YES;
				CLANG_WARN_UNGUARDED_AVAILABILITY = YES_AGGRESSIVE;
				CLANG_WARN_UNREACHABLE_CODE = YES;
				CLANG_WARN__DUPLICATE_METHOD_MATCH = YES;
				CODE_SIGN_IDENTITY = "iPhone Developer";
				COPY_PHASE_STRIP = NO;
				DEBUG_INFORMATION_FORMAT = "dwarf-with-dsym";
				ENABLE_NS_ASSERTIONS = NO;
				ENABLE_STRICT_OBJC_MSGSEND = YES;
				GCC_C_LANGUAGE_STANDARD = gnu11;
				GCC_NO_COMMON_BLOCKS = YES;
				GCC_WARN_64_TO_32_BIT_CONVERSION = YES;
				GCC_WARN_ABOUT_RETURN_TYPE = YES_ERROR;
				GCC_WARN_UNDECLARED_SELECTOR = YES;
				GCC_WARN_UNINITIALIZED_AUTOS = YES_AGGRESSIVE;
				GCC_WARN_UNUSED_FUNCTION = YES;
				GCC_WARN_UNUSED_VARIABLE = YES;
				IPHONEOS_DEPLOYMENT_TARGET = 12.1;
				MTL_ENABLE_DEBUG_INFO = NO;
				MTL_FAST_MATH = YES;
				SDKROOT = iphoneos;
				SWIFT_COMPILATION_MODE = wholemodule;
				SWIFT_OPTIMIZATION_LEVEL = "-O";
				VALIDATE_PRODUCT = YES;
			};
			name = Release;
		};
		ACBD7B3B223E4376000E6BF4 /* Debug */ = {
			isa = XCBuildConfiguration;
			buildSettings = {
				ASSETCATALOG_COMPILER_APPICON_NAME = AppIcon;
				CODE_SIGN_STYLE = Automatic;
				DEVELOPMENT_TEAM = T65BQC9535;
				INFOPLIST_FILE = "$(SRCROOT)/LottoTDD/SupportedFile/Info.plist";
				LD_RUNPATH_SEARCH_PATHS = (
					"$(inherited)",
					"@executable_path/Frameworks",
				);
				PRODUCT_BUNDLE_IDENTIFIER = io.github.hyunable.LottoTDD;
				PRODUCT_NAME = "$(TARGET_NAME)";
				SWIFT_VERSION = 4.2;
				TARGETED_DEVICE_FAMILY = "1,2";
			};
			name = Debug;
		};
		ACBD7B3C223E4376000E6BF4 /* Release */ = {
			isa = XCBuildConfiguration;
			buildSettings = {
				ASSETCATALOG_COMPILER_APPICON_NAME = AppIcon;
				CODE_SIGN_STYLE = Automatic;
				DEVELOPMENT_TEAM = T65BQC9535;
				INFOPLIST_FILE = "$(SRCROOT)/LottoTDD/SupportedFile/Info.plist";
				LD_RUNPATH_SEARCH_PATHS = (
					"$(inherited)",
					"@executable_path/Frameworks",
				);
				PRODUCT_BUNDLE_IDENTIFIER = io.github.hyunable.LottoTDD;
				PRODUCT_NAME = "$(TARGET_NAME)";
				SWIFT_VERSION = 4.2;
				TARGETED_DEVICE_FAMILY = "1,2";
			};
			name = Release;
		};
		ACBD7B3E223E4376000E6BF4 /* Debug */ = {
			isa = XCBuildConfiguration;
			buildSettings = {
				ALWAYS_EMBED_SWIFT_STANDARD_LIBRARIES = YES;
				BUNDLE_LOADER = "$(TEST_HOST)";
				CODE_SIGN_STYLE = Automatic;
				DEVELOPMENT_TEAM = T65BQC9535;
				INFOPLIST_FILE = LottoTDDTests/Info.plist;
				LD_RUNPATH_SEARCH_PATHS = (
					"$(inherited)",
					"@executable_path/Frameworks",
					"@loader_path/Frameworks",
				);
				PRODUCT_BUNDLE_IDENTIFIER = io.github.hyunable.LottoTDDTests;
				PRODUCT_NAME = "$(TARGET_NAME)";
				SWIFT_VERSION = 4.2;
				TARGETED_DEVICE_FAMILY = "1,2";
				TEST_HOST = "$(BUILT_PRODUCTS_DIR)/LottoTDD.app/LottoTDD";
			};
			name = Debug;
		};
		ACBD7B3F223E4376000E6BF4 /* Release */ = {
			isa = XCBuildConfiguration;
			buildSettings = {
				ALWAYS_EMBED_SWIFT_STANDARD_LIBRARIES = YES;
				BUNDLE_LOADER = "$(TEST_HOST)";
				CODE_SIGN_STYLE = Automatic;
				DEVELOPMENT_TEAM = T65BQC9535;
				INFOPLIST_FILE = LottoTDDTests/Info.plist;
				LD_RUNPATH_SEARCH_PATHS = (
					"$(inherited)",
					"@executable_path/Frameworks",
					"@loader_path/Frameworks",
				);
				PRODUCT_BUNDLE_IDENTIFIER = io.github.hyunable.LottoTDDTests;
				PRODUCT_NAME = "$(TARGET_NAME)";
				SWIFT_VERSION = 4.2;
				TARGETED_DEVICE_FAMILY = "1,2";
				TEST_HOST = "$(BUILT_PRODUCTS_DIR)/LottoTDD.app/LottoTDD";
			};
			name = Release;
		};
/* End XCBuildConfiguration section */

/* Begin XCConfigurationList section */
		ACBD7B18223E4374000E6BF4 /* Build configuration list for PBXProject "LottoTDD" */ = {
			isa = XCConfigurationList;
			buildConfigurations = (
				ACBD7B38223E4376000E6BF4 /* Debug */,
				ACBD7B39223E4376000E6BF4 /* Release */,
			);
			defaultConfigurationIsVisible = 0;
			defaultConfigurationName = Release;
		};
		ACBD7B3A223E4376000E6BF4 /* Build configuration list for PBXNativeTarget "LottoTDD" */ = {
			isa = XCConfigurationList;
			buildConfigurations = (
				ACBD7B3B223E4376000E6BF4 /* Debug */,
				ACBD7B3C223E4376000E6BF4 /* Release */,
			);
			defaultConfigurationIsVisible = 0;
			defaultConfigurationName = Release;
		};
		ACBD7B3D223E4376000E6BF4 /* Build configuration list for PBXNativeTarget "LottoTDDTests" */ = {
			isa = XCConfigurationList;
			buildConfigurations = (
				ACBD7B3E223E4376000E6BF4 /* Debug */,
				ACBD7B3F223E4376000E6BF4 /* Release */,
			);
			defaultConfigurationIsVisible = 0;
			defaultConfigurationName = Release;
		};
/* End XCConfigurationList section */
	};
	rootObject = ACBD7B15223E4374000E6BF4 /* Project object */;
}
